
Microsoft Visual Studio Solution File, Format Version 12.00
# Visual Studio Version 16
VisualStudioVersion = 16.0.29215.179
MinimumVisualStudioVersion = 10.0.40219.1
Project("{FAE04EC0-301F-11D3-BF4B-00C04F79EFBC}") = "BrowserCalls.Web", "BrowserCalls.Web\BrowserCalls.Web.csproj", "{FB9E5FCB-8A70-4BCD-AE0C-979DEF94B21E}"
EndProject
Project("{FAE04EC0-301F-11D3-BF4B-00C04F79EFBC}") = "BrowserCalls.Web.Test", "BrowserCalls.Web.Test\BrowserCalls.Web.Test.csproj", "{C79F58AC-7E2E-4486-9195-CD604794EFD9}"
EndProject
Project("{2150E333-8FDC-42A3-9474-1A3956D46DE8}") = "Solution Items", "Solution Items", "{7B0E25FE-AC2D-481E-B741-1AE3C71ACE0C}"
	ProjectSection(SolutionItems) = preProject
		.gitignore = .gitignore
		.mergify.yml = .mergify.yml
		CODE_OF_CONDUCT.md = CODE_OF_CONDUCT.md
		CONTRIBUTING.md = CONTRIBUTING.md
		LICENSE = LICENSE
		README.md = README.md
	EndProjectSection
EndProject
Project("{2150E333-8FDC-42A3-9474-1A3956D46DE8}") = ".github", ".github", "{8D764FD6-18E1-43F9-9C48-01A855CFFD76}"
EndProject
Project("{2150E333-8FDC-42A3-9474-1A3956D46DE8}") = "workflows", "workflows", "{6B19DBC4-9C2D-41BE-BF97-63CD3B2C7543}"
	ProjectSection(SolutionItems) = preProject
		.github\workflows\NetFx.yml = .github\workflows\NetFx.yml
	EndProjectSection
EndProject
Global
	GlobalSection(SolutionConfigurationPlatforms) = preSolution
		Debug|Any CPU = Debug|Any CPU
		Release|Any CPU = Release|Any CPU
	EndGlobalSection
	GlobalSection(ProjectConfigurationPlatforms) = postSolution
		{FB9E5FCB-8A70-4BCD-AE0C-979DEF94B21E}.Debug|Any CPU.ActiveCfg = Debug|Any CPU
		{FB9E5FCB-8A70-4BCD-AE0C-979DEF94B21E}.Debug|Any CPU.Build.0 = Debug|Any CPU
		{FB9E5FCB-8A70-4BCD-AE0C-979DEF94B21E}.Release|Any CPU.ActiveCfg = Release|Any CPU
		{FB9E5FCB-8A70-4BCD-AE0C-979DEF94B21E}.Release|Any CPU.Build.0 = Release|Any CPU
		{C79F58AC-7E2E-4486-9195-CD604794EFD9}.Debug|Any CPU.ActiveCfg = Debug|Any CPU
		{C79F58AC-7E2E-4486-9195-CD604794EFD9}.Debug|Any CPU.Build.0 = Debug|Any CPU
		{C79F58AC-7E2E-4486-9195-CD604794EFD9}.Release|Any CPU.ActiveCfg = Release|Any CPU
		{C79F58AC-7E2E-4486-9195-CD604794EFD9}.Release|Any CPU.Build.0 = Release|Any CPU
	EndGlobalSection
	GlobalSection(SolutionProperties) = preSolution
		HideSolutionNode = FALSE
	EndGlobalSection
	GlobalSection(NestedProjects) = preSolution
		{8D764FD6-18E1-43F9-9C48-01A855CFFD76} = {7B0E25FE-AC2D-481E-B741-1AE3C71ACE0C}
		{6B19DBC4-9C2D-41BE-BF97-63CD3B2C7543} = {8D764FD6-18E1-43F9-9C48-01A855CFFD76}
	EndGlobalSection
	GlobalSection(ExtensibilityGlobals) = postSolution
		SolutionGuid = {D90B3BC9-BE1A-454E-81E7-CE287890BF23}
	EndGlobalSection
EndGlobal
